// !$*UTF8*$!
{
	archiveVersion = 1;
	classes = {
	};
	objectVersion = 77;
	objects = {

/* Begin PBXBuildFile section */
		096C817CC1DCE47E3716FC6F /* MembersView.swift in Sources */ = {isa = PBXBuildFile; fileRef = 425BFB46E64065EA5A7712C9 /* MembersView.swift */; };
		0A787308EC339C808921169D /* RootView.swift in Sources */ = {isa = PBXBuildFile; fileRef = B72B9642D45337FC24F45555 /* RootView.swift */; };
		11C5343E61D8D03470B9CA85 /* NaikiManualViews.swift in Sources */ = {isa = PBXBuildFile; fileRef = CFC9A7686B652F1C4AC14F06 /* NaikiManualViews.swift */; };
		1C1EA9B58F886B8EC47594FC /* SampleData.swift in Sources */ = {isa = PBXBuildFile; fileRef = 0F5EDB7F58EB8E330453F694 /* SampleData.swift */; };
		2FF73F67CE937DE22801871B /* FirebaseFirestore in Frameworks */ = {isa = PBXBuildFile; productRef = 759F791262A6BA2995B1A6A9 /* FirebaseFirestore */; };
		3190AAFB4CAE4EE133DE7524 /* App.swift in Sources */ = {isa = PBXBuildFile; fileRef = DB9B5924DCCE96BCD4FD0E5E /* App.swift */; };
		32AF223B7BBE2A19E51828B8 /* ChatTab.swift in Sources */ = {isa = PBXBuildFile; fileRef = 9D205E1B7CC1238F313389C3 /* ChatTab.swift */; };
		381212752211D3590D715AE9 /* ChatRoomView.swift in Sources */ = {isa = PBXBuildFile; fileRef = 5CE0A7C4EE659D2CF860E02C /* ChatRoomView.swift */; };
		7919DA4320C51D8910872E88 /* Models.swift in Sources */ = {isa = PBXBuildFile; fileRef = 731995A5B533ECD9B63D73DD /* Models.swift */; };
		805EAA02A243F800C32DB940 /* CloudStore.swift in Sources */ = {isa = PBXBuildFile; fileRef = 8984E9ACA16B6576A53CF46F /* CloudStore.swift */; };
		8FF98785C0F48709B3D7F582 /* AttachmentViews.swift in Sources */ = {isa = PBXBuildFile; fileRef = 8B76447332C7721822D47F1A /* AttachmentViews.swift */; };
		98D65C96AB55E6E13F63FF6A /* Assets.xcassets in Resources */ = {isa = PBXBuildFile; fileRef = BE2324FAD56E94C8A9507113 /* Assets.xcassets */; };
		9A2F44F0FAFD9D96B5F4A382 /* LoginView.swift in Sources */ = {isa = PBXBuildFile; fileRef = DD3304DA16A875C2415C4F1F /* LoginView.swift */; };
		A7842A848D7E42B7122AFF80 /* SpeechRecognizer.swift in Sources */ = {isa = PBXBuildFile; fileRef = B878A783285F5A6B7F48B2A2 /* SpeechRecognizer.swift */; };
		B1E407B10E90A9F56F8E42FC /* FirebaseFunctions in Frameworks */ = {isa = PBXBuildFile; productRef = 9BD3C6220F061BE9AB7A0F0B /* FirebaseFunctions */; };
		BA5A26BABFD86D980E4E3C80 /* ExpertView.swift in Sources */ = {isa = PBXBuildFile; fileRef = 38CA1CCC43BAEAA7161F790E /* ExpertView.swift */; };
		C0375F9BCF06ED8940EF6306 /* SettingsView.swift in Sources */ = {isa = PBXBuildFile; fileRef = AED3154295D9CCCC87F60B1C /* SettingsView.swift */; };
		CD63AFAB3A26DEF0CD7931CA /* NaikiUpdateSheet.swift in Sources */ = {isa = PBXBuildFile; fileRef = DD4C102D77C18B41516AFFCC /* NaikiUpdateSheet.swift */; };
		D35CD70F666BE466E3B42FB3 /* Prompts.swift in Sources */ = {isa = PBXBuildFile; fileRef = 880F03E9C4645598A2FE9879 /* Prompts.swift */; };
		D55C7C01A20E77B40C35EB21 /* ClaudeService.swift in Sources */ = {isa = PBXBuildFile; fileRef = C0EF6EEED0F76C4A4FF4A316 /* ClaudeService.swift */; };
		DABB28C988C7A389BF7A1619 /* Theme.swift in Sources */ = {isa = PBXBuildFile; fileRef = A4FABF9A333379950CC10A9F /* Theme.swift */; };
		DF2924E6DA1D73890E077965 /* FirebaseAuth in Frameworks */ = {isa = PBXBuildFile; productRef = 3D2DE2D81AD21F46C50F66E7 /* FirebaseAuth */; };
		EE63C99F63A1FF0069F79EB7 /* BaChatView.swift in Sources */ = {isa = PBXBuildFile; fileRef = 1608D4965DE3D082964935DF /* BaChatView.swift */; };
/* End PBXBuildFile section */

/* Begin PBXFileReference section */
		0F5EDB7F58EB8E330453F694 /* SampleData.swift */ = {isa = PBXFileReference; lastKnownFileType = sourcecode.swift; path = SampleData.swift; sourceTree = "<group>"; };
		1608D4965DE3D082964935DF /* BaChatView.swift */ = {isa = PBXFileReference; lastKnownFileType = sourcecode.swift; path = BaChatView.swift; sourceTree = "<group>"; };
		38CA1CCC43BAEAA7161F790E /* ExpertView.swift */ = {isa = PBXFileReference; lastKnownFileType = sourcecode.swift; path = ExpertView.swift; sourceTree = "<group>"; };
		425BFB46E64065EA5A7712C9 /* MembersView.swift */ = {isa = PBXFileReference; lastKnownFileType = sourcecode.swift; path = MembersView.swift; sourceTree = "<group>"; };
		597C8E0105D2CA71FFBA2ED4 /* Info.plist */ = {isa = PBXFileReference; lastKnownFileType = text.plist; path = Info.plist; sourceTree = "<group>"; };
		5CE0A7C4EE659D2CF860E02C /* ChatRoomView.swift */ = {isa = PBXFileReference; lastKnownFileType = sourcecode.swift; path = ChatRoomView.swift; sourceTree = "<group>"; };
		731995A5B533ECD9B63D73DD /* Models.swift */ = {isa = PBXFileReference; lastKnownFileType = sourcecode.swift; path = Models.swift; sourceTree = "<group>"; };
		880F03E9C4645598A2FE9879 /* Prompts.swift */ = {isa = PBXFileReference; lastKnownFileType = sourcecode.swift; path = Prompts.swift; sourceTree = "<group>"; };
		8984E9ACA16B6576A53CF46F /* CloudStore.swift */ = {isa = PBXFileReference; lastKnownFileType = sourcecode.swift; path = CloudStore.swift; sourceTree = "<group>"; };
		8B76447332C7721822D47F1A /* AttachmentViews.swift */ = {isa = PBXFileReference; lastKnownFileType = sourcecode.swift; path = AttachmentViews.swift; sourceTree = "<group>"; };
		9D205E1B7CC1238F313389C3 /* ChatTab.swift */ = {isa = PBXFileReference; lastKnownFileType = sourcecode.swift; path = ChatTab.swift; sourceTree = "<group>"; };
		A4FABF9A333379950CC10A9F /* Theme.swift */ = {isa = PBXFileReference; lastKnownFileType = sourcecode.swift; path = Theme.swift; sourceTree = "<group>"; };
		AED3154295D9CCCC87F60B1C /* SettingsView.swift */ = {isa = PBXFileReference; lastKnownFileType = sourcecode.swift; path = SettingsView.swift; sourceTree = "<group>"; };
		B72B9642D45337FC24F45555 /* RootView.swift */ = {isa = PBXFileReference; lastKnownFileType = sourcecode.swift; path = RootView.swift; sourceTree = "<group>"; };
		B878A783285F5A6B7F48B2A2 /* SpeechRecognizer.swift */ = {isa = PBXFileReference; lastKnownFileType = sourcecode.swift; path = SpeechRecognizer.swift; sourceTree = "<group>"; };
		BE2324FAD56E94C8A9507113 /* Assets.xcassets */ = {isa = PBXFileReference; lastKnownFileType = folder.assetcatalog; path = Assets.xcassets; sourceTree = "<group>"; };
		C0EF6EEED0F76C4A4FF4A316 /* ClaudeService.swift */ = {isa = PBXFileReference; lastKnownFileType = sourcecode.swift; path = ClaudeService.swift; sourceTree = "<group>"; };
		CFC9A7686B652F1C4AC14F06 /* NaikiManualViews.swift */ = {isa = PBXFileReference; lastKnownFileType = sourcecode.swift; path = NaikiManualViews.swift; sourceTree = "<group>"; };
		DB9B5924DCCE96BCD4FD0E5E /* App.swift */ = {isa = PBXFileReference; lastKnownFileType = sourcecode.swift; path = App.swift; sourceTree = "<group>"; };
		DD3304DA16A875C2415C4F1F /* LoginView.swift */ = {isa = PBXFileReference; lastKnownFileType = sourcecode.swift; path = LoginView.swift; sourceTree = "<group>"; };
		DD4C102D77C18B41516AFFCC /* NaikiUpdateSheet.swift */ = {isa = PBXFileReference; lastKnownFileType = sourcecode.swift; path = NaikiUpdateSheet.swift; sourceTree = "<group>"; };
		E0146F3AE9B1765F5D09F7EA /* ChatBotWest.app */ = {isa = PBXFileReference; includeInIndex = 0; lastKnownFileType = wrapper.application; path = ChatBotWest.app; sourceTree = BUILT_PRODUCTS_DIR; };
/* End PBXFileReference section */

/* Begin PBXFrameworksBuildPhase section */
		A979DB1887570C15A4C3F025 /* Frameworks */ = {
			isa = PBXFrameworksBuildPhase;
			buildActionMask = 2147483647;
			files = (
				DF2924E6DA1D73890E077965 /* FirebaseAuth in Frameworks */,
				2FF73F67CE937DE22801871B /* FirebaseFirestore in Frameworks */,
				B1E407B10E90A9F56F8E42FC /* FirebaseFunctions in Frameworks */,
			);
			runOnlyForDeploymentPostprocessing = 0;
		};
/* End PBXFrameworksBuildPhase section */

/* Begin PBXGroup section */
		855AA374268E44F0675BC06D /* Views */ = {
			isa = PBXGroup;
			children = (
				8B76447332C7721822D47F1A /* AttachmentViews.swift */,
				1608D4965DE3D082964935DF /* BaChatView.swift */,
				5CE0A7C4EE659D2CF860E02C /* ChatRoomView.swift */,
				9D205E1B7CC1238F313389C3 /* ChatTab.swift */,
				38CA1CCC43BAEAA7161F790E /* ExpertView.swift */,
				DD3304DA16A875C2415C4F1F /* LoginView.swift */,
				425BFB46E64065EA5A7712C9 /* MembersView.swift */,
				CFC9A7686B652F1C4AC14F06 /* NaikiManualViews.swift */,
				DD4C102D77C18B41516AFFCC /* NaikiUpdateSheet.swift */,
				B72B9642D45337FC24F45555 /* RootView.swift */,
				AED3154295D9CCCC87F60B1C /* SettingsView.swift */,
				B878A783285F5A6B7F48B2A2 /* SpeechRecognizer.swift */,
				A4FABF9A333379950CC10A9F /* Theme.swift */,
			);
			path = Views;
			sourceTree = "<group>";
		};
		8676D117BEA131579FA7994B /* Products */ = {
			isa = PBXGroup;
			children = (
				E0146F3AE9B1765F5D09F7EA /* ChatBotWest.app */,
			);
			name = Products;
			sourceTree = "<group>";
		};
		AB0DEF9AD2A9D23A7DB4D453 = {
			isa = PBXGroup;
			children = (
				B7F09D764997D90DCCAE72E9 /* ChatBotWest */,
				8676D117BEA131579FA7994B /* Products */,
			);
			sourceTree = "<group>";
		};
		B7F09D764997D90DCCAE72E9 /* ChatBotWest */ = {
			isa = PBXGroup;
			children = (
				DB9B5924DCCE96BCD4FD0E5E /* App.swift */,
				BE2324FAD56E94C8A9507113 /* Assets.xcassets */,
				C0EF6EEED0F76C4A4FF4A316 /* ClaudeService.swift */,
				8984E9ACA16B6576A53CF46F /* CloudStore.swift */,
				597C8E0105D2CA71FFBA2ED4 /* Info.plist */,
				731995A5B533ECD9B63D73DD /* Models.swift */,
				880F03E9C4645598A2FE9879 /* Prompts.swift */,
				0F5EDB7F58EB8E330453F694 /* SampleData.swift */,
				855AA374268E44F0675BC06D /* Views */,
			);
			path = ChatBotWest;
			sourceTree = "<group>";
		};
/* End PBXGroup section */

/* Begin PBXNativeTarget section */
		F8A156F633F5869382F08590 /* ChatBotWest */ = {
			isa = PBXNativeTarget;
			buildConfigurationList = B02597218882F1ADC586BB73 /* Build configuration list for PBXNativeTarget "ChatBotWest" */;
			buildPhases = (
				95AC3749FB0BDFCF9FBF85F9 /* Sources */,
				E4A0658D30C45DE4A25BF021 /* Resources */,
				A979DB1887570C15A4C3F025 /* Frameworks */,
			);
			buildRules = (
			);
			dependencies = (
			);
			name = ChatBotWest;
			packageProductDependencies = (
				3D2DE2D81AD21F46C50F66E7 /* FirebaseAuth */,
				759F791262A6BA2995B1A6A9 /* FirebaseFirestore */,
				9BD3C6220F061BE9AB7A0F0B /* FirebaseFunctions */,
			);
			productName = ChatBotWest;
			productReference = E0146F3AE9B1765F5D09F7EA /* ChatBotWest.app */;
			productType = "com.apple.product-type.application";
		};
/* End PBXNativeTarget section */

/* Begin PBXProject section */
		7F54F2DD211231E37D104DD6 /* Project object */ = {
			isa = PBXProject;
			attributes = {
				BuildIndependentTargetsInParallel = YES;
				LastUpgradeCheck = 1430;
				TargetAttributes = {
					F8A156F633F5869382F08590 = {
						DevelopmentTeam = "";
						ProvisioningStyle = Automatic;
					};
				};
			};
			buildConfigurationList = 379A9A5986440D75072B6C50 /* Build configuration list for PBXProject "ChatBotWest" */;
			developmentRegion = en;
			hasScannedForEncodings = 0;
			knownRegions = (
				Base,
				en,
			);
			mainGroup = AB0DEF9AD2A9D23A7DB4D453;
			minimizedProjectReferenceProxies = 1;
			packageReferences = (
				4F1F9317B493D6D597693065 /* XCRemoteSwiftPackageReference "firebase-ios-sdk" */,
			);
			preferredProjectObjectVersion = 77;
			productRefGroup = 8676D117BEA131579FA7994B /* Products */;
			projectDirPath = "";
			projectRoot = "";
			targets = (
				F8A156F633F5869382F08590 /* ChatBotWest */,
			);
		};
/* End PBXProject section */

/* Begin PBXResourcesBuildPhase section */
		E4A0658D30C45DE4A25BF021 /* Resources */ = {
			isa = PBXResourcesBuildPhase;
			buildActionMask = 2147483647;
			files = (
				98D65C96AB55E6E13F63FF6A /* Assets.xcassets in Resources */,
			);
			runOnlyForDeploymentPostprocessing = 0;
		};
/* End PBXResourcesBuildPhase section */

/* Begin PBXSourcesBuildPhase section */
		95AC3749FB0BDFCF9FBF85F9 /* Sources */ = {
			isa = PBXSourcesBuildPhase;
			buildActionMask = 2147483647;
			files = (
				3190AAFB4CAE4EE133DE7524 /* App.swift in Sources */,
				8FF98785C0F48709B3D7F582 /* AttachmentViews.swift in Sources */,
				EE63C99F63A1FF0069F79EB7 /* BaChatView.swift in Sources */,
				381212752211D3590D715AE9 /* ChatRoomView.swift in Sources */,
				32AF223B7BBE2A19E51828B8 /* ChatTab.swift in Sources */,
				D55C7C01A20E77B40C35EB21 /* ClaudeService.swift in Sources */,
				805EAA02A243F800C32DB940 /* CloudStore.swift in Sources */,
				BA5A26BABFD86D980E4E3C80 /* ExpertView.swift in Sources */,
				9A2F44F0FAFD9D96B5F4A382 /* LoginView.swift in Sources */,
				096C817CC1DCE47E3716FC6F /* MembersView.swift in Sources */,
				7919DA4320C51D8910872E88 /* Models.swift in Sources */,
				11C5343E61D8D03470B9CA85 /* NaikiManualViews.swift in Sources */,
				CD63AFAB3A26DEF0CD7931CA /* NaikiUpdateSheet.swift in Sources */,
				D35CD70F666BE466E3B42FB3 /* Prompts.swift in Sources */,
				0A787308EC339C808921169D /* RootView.swift in Sources */,
				1C1EA9B58F886B8EC47594FC /* SampleData.swift in Sources */,
				C0375F9BCF06ED8940EF6306 /* SettingsView.swift in Sources */,
				A7842A848D7E42B7122AFF80 /* SpeechRecognizer.swift in Sources */,
				DABB28C988C7A389BF7A1619 /* Theme.swift in Sources */,
			);
			runOnlyForDeploymentPostprocessing = 0;
		};
/* End PBXSourcesBuildPhase section */

/* Begin XCBuildConfiguration section */
		3945CEA98BC8AB3327280DCC /* Release */ = {
			isa = XCBuildConfiguration;
			buildSettings = {
				ALWAYS_SEARCH_USER_PATHS = NO;
				CLANG_ANALYZER_NONNULL = YES;
				CLANG_ANALYZER_NUMBER_OBJECT_CONVERSION = YES_AGGRESSIVE;
				CLANG_CXX_LANGUAGE_STANDARD = "gnu++14";
				CLANG_CXX_LIBRARY = "libc++";
				CLANG_ENABLE_MODULES = YES;
				CLANG_ENABLE_OBJC_ARC = YES;
				CLANG_ENABLE_OBJC_WEAK = YES;
				CLANG_WARN_BLOCK_CAPTURE_AUTORELEASING = YES;
				CLANG_WARN_BOOL_CONVERSION = YES;
				CLANG_WARN_COMMA = YES;
				CLANG_WARN_CONSTANT_CONVERSION = YES;
				CLANG_WARN_DEPRECATED_OBJC_IMPLEMENTATIONS = YES;
				CLANG_WARN_DIRECT_OBJC_ISA_USAGE = YES_ERROR;
				CLANG_WARN_DOCUMENTATION_COMMENTS = YES;
				CLANG_WARN_EMPTY_BODY = YES;
				CLANG_WARN_ENUM_CONVERSION = YES;
				CLANG_WARN_INFINITE_RECURSION = YES;
				CLANG_WARN_INT_CONVERSION = YES;
				CLANG_WARN_NON_LITERAL_NULL_CONVERSION = YES;
				CLANG_WARN_OBJC_IMPLICIT_RETAIN_SELF = YES;
				CLANG_WARN_OBJC_LITERAL_CONVERSION = YES;
				CLANG_WARN_OBJC_ROOT_CLASS = YES_ERROR;
				CLANG_WARN_QUOTED_INCLUDE_IN_FRAMEWORK_HEADER = YES;
				CLANG_WARN_RANGE_LOOP_ANALYSIS = YES;
				CLANG_WARN_STRICT_PROTOTYPES = YES;
				CLANG_WARN_SUSPICIOUS_MOVE = YES;
				CLANG_WARN_UNGUARDED_AVAILABILITY = YES_AGGRESSIVE;
				CLANG_WARN_UNREACHABLE_CODE = YES;
				CLANG_WARN__DUPLICATE_METHOD_MATCH = YES;
				COPY_PHASE_STRIP = NO;
				DEBUG_INFORMATION_FORMAT = "dwarf-with-dsym";
				ENABLE_NS_ASSERTIONS = NO;
				ENABLE_STRICT_OBJC_MSGSEND = YES;
				GCC_C_LANGUAGE_STANDARD = gnu11;
				GCC_NO_COMMON_BLOCKS = YES;
				GCC_WARN_64_TO_32_BIT_CONVERSION = YES;
				GCC_WARN_ABOUT_RETURN_TYPE = YES_ERROR;
				GCC_WARN_UNDECLARED_SELECTOR = YES;
				GCC_WARN_UNINITIALIZED_AUTOS = YES_AGGRESSIVE;
				GCC_WARN_UNUSED_FUNCTION = YES;
				GCC_WARN_UNUSED_VARIABLE = YES;
				IPHONEOS_DEPLOYMENT_TARGET = 16.0;
				MTL_ENABLE_DEBUG_INFO = NO;
				MTL_FAST_MATH = YES;
				PRODUCT_NAME = "$(TARGET_NAME)";
				SDKROOT = iphoneos;
				SWIFT_COMPILATION_MODE = wholemodule;
				SWIFT_OPTIMIZATION_LEVEL = "-O";
				SWIFT_VERSION = 5.0;
			};
			name = Release;
		};
		5EAAB328D23BDD4204CD8867 /* Release */ = {
			isa = XCBuildConfiguration;
			buildSettings = {
				ASSETCATALOG_COMPILER_APPICON_NAME = AppIcon;
				CODE_SIGN_IDENTITY = "iPhone Developer";
				CODE_SIGN_STYLE = Automatic;
				CURRENT_PROJECT_VERSION = 1;
				DEVELOPMENT_TEAM = "";
				GENERATE_INFOPLIST_FILE = NO;
				INFOPLIST_FILE = ChatBotWest/Info.plist;
				LD_RUNPATH_SEARCH_PATHS = (
					"$(inherited)",
					"@executable_path/Frameworks",
				);
				MARKETING_VERSION = 1.0;
				PRODUCT_BUNDLE_IDENTIFIER = com.okadamasayuki.ChatBotWest;
				SDKROOT = iphoneos;
				SWIFT_VERSION = 5.9;
				TARGETED_DEVICE_FAMILY = 1;
			};
			name = Release;
		};
		8DED96D789C5B042D7C13B15 /* Debug */ = {
			isa = XCBuildConfiguration;
			buildSettings = {
				ASSETCATALOG_COMPILER_APPICON_NAME = AppIcon;
				CODE_SIGN_IDENTITY = "iPhone Developer";
				CODE_SIGN_STYLE = Automatic;
				CURRENT_PROJECT_VERSION = 1;
				DEVELOPMENT_TEAM = "";
				GENERATE_INFOPLIST_FILE = NO;
				INFOPLIST_FILE = ChatBotWest/Info.plist;
				LD_RUNPATH_SEARCH_PATHS = (
					"$(inherited)",
					"@executable_path/Frameworks",
				);
				MARKETING_VERSION = 1.0;
				PRODUCT_BUNDLE_IDENTIFIER = com.okadamasayuki.ChatBotWest;
				SDKROOT = iphoneos;
				SWIFT_VERSION = 5.9;
				TARGETED_DEVICE_FAMILY = 1;
			};
			name = Debug;
		};
		920B6ABAB5232E31BF80EFA6 /* Debug */ = {
			isa = XCBuildConfiguration;
			buildSettings = {
				ALWAYS_SEARCH_USER_PATHS = NO;
				CLANG_ANALYZER_NONNULL = YES;
				CLANG_ANALYZER_NUMBER_OBJECT_CONVERSION = YES_AGGRESSIVE;
				CLANG_CXX_LANGUAGE_STANDARD = "gnu++14";
				CLANG_CXX_LIBRARY = "libc++";
				CLANG_ENABLE_MODULES = YES;
				CLANG_ENABLE_OBJC_ARC = YES;
				CLANG_ENABLE_OBJC_WEAK = YES;
				CLANG_WARN_BLOCK_CAPTURE_AUTORELEASING = YES;
				CLANG_WARN_BOOL_CONVERSION = YES;
				CLANG_WARN_COMMA = YES;
				CLANG_WARN_CONSTANT_CONVERSION = YES;
				CLANG_WARN_DEPRECATED_OBJC_IMPLEMENTATIONS = YES;
				CLANG_WARN_DIRECT_OBJC_ISA_USAGE = YES_ERROR;
				CLANG_WARN_DOCUMENTATION_COMMENTS = YES;
				CLANG_WARN_EMPTY_BODY = YES;
				CLANG_WARN_ENUM_CONVERSION = YES;
				CLANG_WARN_INFINITE_RECURSION = YES;
				CLANG_WARN_INT_CONVERSION = YES;
				CLANG_WARN_NON_LITERAL_NULL_CONVERSION = YES;
				CLANG_WARN_OBJC_IMPLICIT_RETAIN_SELF = YES;
				CLANG_WARN_OBJC_LITERAL_CONVERSION = YES;
				CLANG_WARN_OBJC_ROOT_CLASS = YES_ERROR;
				CLANG_WARN_QUOTED_INCLUDE_IN_FRAMEWORK_HEADER = YES;
				CLANG_WARN_RANGE_LOOP_ANALYSIS = YES;
				CLANG_WARN_STRICT_PROTOTYPES = YES;
				CLANG_WARN_SUSPICIOUS_MOVE = YES;
				CLANG_WARN_UNGUARDED_AVAILABILITY = YES_AGGRESSIVE;
				CLANG_WARN_UNREACHABLE_CODE = YES;
				CLANG_WARN__DUPLICATE_METHOD_MATCH = YES;
				COPY_PHASE_STRIP = NO;
				DEBUG_INFORMATION_FORMAT = dwarf;
				ENABLE_STRICT_OBJC_MSGSEND = YES;
				ENABLE_TESTABILITY = YES;
				GCC_C_LANGUAGE_STANDARD = gnu11;
				GCC_DYNAMIC_NO_PIC = NO;
				GCC_NO_COMMON_BLOCKS = YES;
				GCC_OPTIMIZATION_LEVEL = 0;
				GCC_PREPROCESSOR_DEFINITIONS = (
					"$(inherited)",
					"DEBUG=1",
				);
				GCC_WARN_64_TO_32_BIT_CONVERSION = YES;
				GCC_WARN_ABOUT_RETURN_TYPE = YES_ERROR;
				GCC_WARN_UNDECLARED_SELECTOR = YES;
				GCC_WARN_UNINITIALIZED_AUTOS = YES_AGGRESSIVE;
				GCC_WARN_UNUSED_FUNCTION = YES;
				GCC_WARN_UNUSED_VARIABLE = YES;
				IPHONEOS_DEPLOYMENT_TARGET = 16.0;
				MTL_ENABLE_DEBUG_INFO = INCLUDE_SOURCE;
				MTL_FAST_MATH = YES;
				ONLY_ACTIVE_ARCH = YES;
				PRODUCT_NAME = "$(TARGET_NAME)";
				SDKROOT = iphoneos;
				SWIFT_ACTIVE_COMPILATION_CONDITIONS = DEBUG;
				SWIFT_OPTIMIZATION_LEVEL = "-Onone";
				SWIFT_VERSION = 5.0;
			};
			name = Debug;
		};
/* End XCBuildConfiguration section */

/* Begin XCConfigurationList section */
		379A9A5986440D75072B6C50 /* Build configuration list for PBXProject "ChatBotWest" */ = {
			isa = XCConfigurationList;
			buildConfigurations = (
				920B6ABAB5232E31BF80EFA6 /* Debug */,
				3945CEA98BC8AB3327280DCC /* Release */,
			);
			defaultConfigurationIsVisible = 0;
			defaultConfigurationName = Debug;
		};
		B02597218882F1ADC586BB73 /* Build configuration list for PBXNativeTarget "ChatBotWest" */ = {
			isa = XCConfigurationList;
			buildConfigurations = (
				8DED96D789C5B042D7C13B15 /* Debug */,
				5EAAB328D23BDD4204CD8867 /* Release */,
			);
			defaultConfigurationIsVisible = 0;
			defaultConfigurationName = Debug;
		};
/* End XCConfigurationList section */

/* Begin XCRemoteSwiftPackageReference section */
		4F1F9317B493D6D597693065 /* XCRemoteSwiftPackageReference "firebase-ios-sdk" */ = {
			isa = XCRemoteSwiftPackageReference;
			repositoryURL = "https://github.com/firebase/firebase-ios-sdk";
			requirement = {
				kind = upToNextMajorVersion;
				minimumVersion = 11.0.0;
			};
		};
/* End XCRemoteSwiftPackageReference section */

/* Begin XCSwiftPackageProductDependency section */
		3D2DE2D81AD21F46C50F66E7 /* FirebaseAuth */ = {
			isa = XCSwiftPackageProductDependency;
			package = 4F1F9317B493D6D597693065 /* XCRemoteSwiftPackageReference "firebase-ios-sdk" */;
			productName = FirebaseAuth;
		};
		759F791262A6BA2995B1A6A9 /* FirebaseFirestore */ = {
			isa = XCSwiftPackageProductDependency;
			package = 4F1F9317B493D6D597693065 /* XCRemoteSwiftPackageReference "firebase-ios-sdk" */;
			productName = FirebaseFirestore;
		};
		9BD3C6220F061BE9AB7A0F0B /* FirebaseFunctions */ = {
			isa = XCSwiftPackageProductDependency;
			package = 4F1F9317B493D6D597693065 /* XCRemoteSwiftPackageReference "firebase-ios-sdk" */;
			productName = FirebaseFunctions;
		};
/* End XCSwiftPackageProductDependency section */
	};
	rootObject = 7F54F2DD211231E37D104DD6 /* Project object */;
}
